
Microsoft Visual Studio Solution File, Format Version 12.00
# Visual Studio Version 18
VisualStudioVersion = 18.1.11312.151
MinimumVisualStudioVersion = 10.0.40219.1
Project("{FAE04EC0-301F-11D3-BF4B-00C04F79EFBC}") = "Mcp.Server.SessionGuardian.Plugin", "Mcp.Server.SessionGuardian.Plugin\Mcp.Server.SessionGuardian.Plugin.csproj", "{765B2353-978B-4FE8-BD9B-E6527C24179D}"
EndProject
Project("{FAE04EC0-301F-11D3-BF4B-00C04F79EFBC}") = "Mcp.Server.SessionGuardian.Daemon", "Mcp.Server.SessionGuardian.Daemon\Mcp.Server.SessionGuardian.Daemon.csproj", "{68DEE496-8D38-4D93-979E-043275699BD2}"
EndProject
Project("{FAE04EC0-301F-11D3-BF4B-00C04F79EFBC}") = "Mcp.Server.SessionGuardian.Shared", "Mcp.Server.SessionGuardian.Shared\Mcp.Server.SessionGuardian.Shared.csproj", "{73D6C233-DF17-43D6-AFFE-72A99CF39842}"
EndProject
Global
	GlobalSection(SolutionConfigurationPlatforms) = preSolution
		Debug|Any CPU = Debug|Any CPU
		Debug|x64 = Debug|x64
		Debug|x86 = Debug|x86
		Release|Any CPU = Release|Any CPU
		Release|x64 = Release|x64
		Release|x86 = Release|x86
	EndGlobalSection
	GlobalSection(ProjectConfigurationPlatforms) = postSolution
		{765B2353-978B-4FE8-BD9B-E6527C24179D}.Debug|Any CPU.ActiveCfg = Debug|Any CPU
		{765B2353-978B-4FE8-BD9B-E6527C24179D}.Debug|Any CPU.Build.0 = Debug|Any CPU
		{765B2353-978B-4FE8-BD9B-E6527C24179D}.Debug|x64.ActiveCfg = Debug|Any CPU
		{765B2353-978B-4FE8-BD9B-E6527C24179D}.Debug|x64.Build.0 = Debug|Any CPU
		{765B2353-978B-4FE8-BD9B-E6527C24179D}.Debug|x86.ActiveCfg = Debug|Any CPU
		{765B2353-978B-4FE8-BD9B-E6527C24179D}.Debug|x86.Build.0 = Debug|Any CPU
		{765B2353-978B-4FE8-BD9B-E6527C24179D}.Release|Any CPU.ActiveCfg = Release|Any CPU
		{765B2353-978B-4FE8-BD9B-E6527C24179D}.Release|Any CPU.Build.0 = Release|Any CPU
		{765B2353-978B-4FE8-BD9B-E6527C24179D}.Release|x64.ActiveCfg = Release|Any CPU
		{765B2353-978B-4FE8-BD9B-E6527C24179D}.Release|x64.Build.0 = Release|Any CPU
		{765B2353-978B-4FE8-BD9B-E6527C24179D}.Release|x86.ActiveCfg = Release|Any CPU
		{765B2353-978B-4FE8-BD9B-E6527C24179D}.Release|x86.Build.0 = Release|Any CPU
		{68DEE496-8D38-4D93-979E-043275699BD2}.Debug|Any CPU.ActiveCfg = Debug|Any CPU
		{68DEE496-8D38-4D93-979E-043275699BD2}.Debug|Any CPU.Build.0 = Debug|Any CPU
		{68DEE496-8D38-4D93-979E-043275699BD2}.Debug|x64.ActiveCfg = Debug|Any CPU
		{68DEE496-8D38-4D93-979E-043275699BD2}.Debug|x64.Build.0 = Debug|Any CPU
		{68DEE496-8D38-4D93-979E-043275699BD2}.Debug|x86.ActiveCfg = Debug|Any CPU
		{68DEE496-8D38-4D93-979E-043275699BD2}.Debug|x86.Build.0 = Debug|Any CPU
		{68DEE496-8D38-4D93-979E-043275699BD2}.Release|Any CPU.ActiveCfg = Release|Any CPU
		{68DEE496-8D38-4D93-979E-043275699BD2}.Release|Any CPU.Build.0 = Release|Any CPU
		{68DEE496-8D38-4D93-979E-043275699BD2}.Release|x64.ActiveCfg = Release|Any CPU
		{68DEE496-8D38-4D93-979E-043275699BD2}.Release|x64.Build.0 = Release|Any CPU
		{68DEE496-8D38-4D93-979E-043275699BD2}.Release|x86.ActiveCfg = Release|Any CPU
		{68DEE496-8D38-4D93-979E-043275699BD2}.Release|x86.Build.0 = Release|Any CPU
		{73D6C233-DF17-43D6-AFFE-72A99CF39842}.Debug|Any CPU.ActiveCfg = Debug|Any CPU
		{73D6C233-DF17-43D6-AFFE-72A99CF39842}.Debug|Any CPU.Build.0 = Debug|Any CPU
		{73D6C233-DF17-43D6-AFFE-72A99CF39842}.Debug|x64.ActiveCfg = Debug|Any CPU
		{73D6C233-DF17-43D6-AFFE-72A99CF39842}.Debug|x64.Build.0 = Debug|Any CPU
		{73D6C233-DF17-43D6-AFFE-72A99CF39842}.Debug|x86.ActiveCfg = Debug|Any CPU
		{73D6C233-DF17-43D6-AFFE-72A99CF39842}.Debug|x86.Build.0 = Debug|Any CPU
		{73D6C233-DF17-43D6-AFFE-72A99CF39842}.Release|Any CPU.ActiveCfg = Release|Any CPU
		{73D6C233-DF17-43D6-AFFE-72A99CF39842}.Release|Any CPU.Build.0 = Release|Any CPU
		{73D6C233-DF17-43D6-AFFE-72A99CF39842}.Release|x64.ActiveCfg = Release|Any CPU
		{73D6C233-DF17-43D6-AFFE-72A99CF39842}.Release|x64.Build.0 = Release|Any CPU
		{73D6C233-DF17-43D6-AFFE-72A99CF39842}.Release|x86.ActiveCfg = Release|Any CPU
		{73D6C233-DF17-43D6-AFFE-72A99CF39842}.Release|x86.Build.0 = Release|Any CPU
	EndGlobalSection
	GlobalSection(SolutionProperties) = preSolution
		HideSolutionNode = FALSE
	EndGlobalSection
	GlobalSection(ExtensibilityGlobals) = postSolution
		SolutionGuid = {CF6ED08F-19F4-433D-97DA-85D26CDCFD47}
	EndGlobalSection
EndGlobal
